<?xml version="1.0" encoding="utf-8"?>
<Project ToolsVersion="4.0" xmlns="http://schemas.microsoft.com/developer/msbuild/2003">
  <ItemGroup>
    <Filter Include="Source Files">
      <UniqueIdentifier>{bc9eb546-01e4-4fc9-9263-6044df846ecf}</UniqueIdentifier>
      <Extensions>cpp;c;cxx;rc;def;r;odl;idl;hpj;bat</Extensions>
    </Filter>
    <Filter Include="Header Files">
      <UniqueIdentifier>{44a6c6cd-f120-43a2-a419-ab27db7064e8}</UniqueIdentifier>
      <Extensions>h;hpp;hxx;hm;inl</Extensions>
    </Filter>
    <Filter Include="Resource Files">
      <UniqueIdentifier>{21893eeb-afec-4c35-8bc4-9ecef29e3365}</UniqueIdentifier>
      <Extensions>ico;cur;bmp;dlg;rc2;rct;bin;rgs;gif;jpg;jpeg;jpe</Extensions>
    </Filter>
  </ItemGroup>
  <ItemGroup>
    <ClCompile Include="HeightMap.cpp">
      <Filter>Source Files</Filter>
    </ClCompile>
    <ClCompile Include="ZCamera.cpp">
      <Filter>Source Files</Filter>
    </ClCompile>
    <ClCompile Include="ZFLog.cpp">
      <Filter>Source Files</Filter>
    </ClCompile>
    <ClCompile Include="ZFrustum.cpp">
      <Filter>Source Files</Filter>
    </ClCompile>
  </ItemGroup>
  <ItemGroup>
    <ClInclude Include="define.h">
      <Filter>Header Files</Filter>
    </ClInclude>
    <ClInclude Include="ZCamera.h">
      <Filter>Header Files</Filter>
    </ClInclude>
    <ClInclude Include="ZFLog.h">
      <Filter>Header Files</Filter>
    </ClInclude>
    <ClInclude Include="ZFrustum.h">
      <Filter>Header Files</Filter>
    </ClInclude>
  </ItemGroup>
</Project>