<?xml version="1.0" encoding="utf-8"?>
<Project ToolsVersion="4.0" xmlns="http://schemas.microsoft.com/developer/msbuild/2003">
  <ItemGroup>
    <Filter Include="Source Files">
      <UniqueIdentifier>{3db22307-e9b7-4cc8-ab22-b7033a9c3633}</UniqueIdentifier>
      <Extensions>cpp;c;cxx;rc;def;r;odl;idl;hpj;bat</Extensions>
    </Filter>
    <Filter Include="Header Files">
      <UniqueIdentifier>{33ebe389-b06d-4220-8f3a-bf54ba4b5a9a}</UniqueIdentifier>
      <Extensions>h;hpp;hxx;hm;inl</Extensions>
    </Filter>
    <Filter Include="Resource Files">
      <UniqueIdentifier>{e72489cf-a270-418c-a473-acd0105d2b37}</UniqueIdentifier>
      <Extensions>ico;cur;bmp;dlg;rc2;rct;bin;rgs;gif;jpg;jpeg;jpe</Extensions>
    </Filter>
  </ItemGroup>
  <ItemGroup>
    <ClCompile Include="Dib.cpp">
      <Filter>Source Files</Filter>
    </ClCompile>
    <ClCompile Include="HeightMap.cpp">
      <Filter>Source Files</Filter>
    </ClCompile>
    <ClCompile Include="ZCamera.cpp">
      <Filter>Source Files</Filter>
    </ClCompile>
    <ClCompile Include="ZFLog.cpp">
      <Filter>Source Files</Filter>
    </ClCompile>
    <ClCompile Include="ZFrustum.cpp">
      <Filter>Source Files</Filter>
    </ClCompile>
    <ClCompile Include="ZQuadTree.cpp">
      <Filter>Source Files</Filter>
    </ClCompile>
    <ClCompile Include="ZTerrain.cpp">
      <Filter>Source Files</Filter>
    </ClCompile>
  </ItemGroup>
  <ItemGroup>
    <ClInclude Include="define.h">
      <Filter>Header Files</Filter>
    </ClInclude>
    <ClInclude Include="Dib.h">
      <Filter>Header Files</Filter>
    </ClInclude>
    <ClInclude Include="ZCamera.h">
      <Filter>Header Files</Filter>
    </ClInclude>
    <ClInclude Include="ZFLog.h">
      <Filter>Header Files</Filter>
    </ClInclude>
    <ClInclude Include="ZFrustum.h">
      <Filter>Header Files</Filter>
    </ClInclude>
    <ClInclude Include="ZQuadTree.h">
      <Filter>Header Files</Filter>
    </ClInclude>
    <ClInclude Include="ZTerrain.h">
      <Filter>Header Files</Filter>
    </ClInclude>
  </ItemGroup>
</Project>